
Microsoft Visual Studio Solution File, Format Version 12.00
# Visual Studio Version 17
VisualStudioVersion = 17.1.32328.378
MinimumVisualStudioVersion = 10.0.40219.1
Project("{9A19103F-16F7-4668-BE54-9A1E7A4F7556}") = "VehicleMarketWebApp", "VehicleMarket\VehicleMarketWebApp.csproj", "{5B40FDB5-330C-44FE-AA38-5B1D2F6AE7AF}"
EndProject
Global
	GlobalSection(SolutionConfigurationPlatforms) = preSolution
		Debug|Any CPU = Debug|Any CPU
		Release|Any CPU = Release|Any CPU
	EndGlobalSection
	GlobalSection(ProjectConfigurationPlatforms) = postSolution
		{5B40FDB5-330C-44FE-AA38-5B1D2F6AE7AF}.Debug|Any CPU.ActiveCfg = Debug|Any CPU
		{5B40FDB5-330C-44FE-AA38-5B1D2F6AE7AF}.Debug|Any CPU.Build.0 = Debug|Any CPU
		{5B40FDB5-330C-44FE-AA38-5B1D2F6AE7AF}.Release|Any CPU.ActiveCfg = Release|Any CPU
		{5B40FDB5-330C-44FE-AA38-5B1D2F6AE7AF}.Release|Any CPU.Build.0 = Release|Any CPU
	EndGlobalSection
	GlobalSection(SolutionProperties) = preSolution
		HideSolutionNode = FALSE
	EndGlobalSection
	GlobalSection(ExtensibilityGlobals) = postSolution
		SolutionGuid = {B5D008ED-AD61-4DC0-BA0A-6295E9A7E13C}
	EndGlobalSection
EndGlobal
